{
    "name": "chapter8_blockchain",
    "version": "1.0.0",
    "lockfileVersion": 2,
    "requires": true,
    "packages": {
        "": {
            "name": "chapter8_blockchain",
            "version": "1.0.0",
            "license": "MIT",
            "devDependencies": {
                "@types/node": "^10.5.1",
                "typescript": "~3.0.0"
            }
        },
        "node_modules/@types/node": {
            "version": "10.17.55",
            "resolved": "https://registry.npmjs.org/@types/node/-/node-10.17.55.tgz",
            "integrity": "sha512-koZJ89uLZufDvToeWO5BrC4CR4OUfHnUz2qoPs/daQH6qq3IN62QFxCTZ+bKaCE0xaoCAJYE4AXre8AbghCrhg==",
            "dev": true
        },
        "node_modules/typescript": {
            "version": "3.0.3",
            "resolved": "https://registry.npmjs.org/typescript/-/typescript-3.0.3.tgz",
            "integrity": "sha512-kk80vLW9iGtjMnIv11qyxLqZm20UklzuR2tL0QAnDIygIUIemcZMxlMWudl9OOt76H3ntVzcTiddQ1/pAAJMYg==",
            "dev": true,
            "bin": {
                "tsc": "bin/tsc",
                "tsserver": "bin/tsserver"
            },
            "engines": {
                "node": ">=4.2.0"
            }
        }
    },
    "dependencies": {
        "@types/node": {
            "version": "10.17.55",
            "resolved": "https://registry.npmjs.org/@types/node/-/node-10.17.55.tgz",
            "integrity": "sha512-koZJ89uLZufDvToeWO5BrC4CR4OUfHnUz2qoPs/daQH6qq3IN62QFxCTZ+bKaCE0xaoCAJYE4AXre8AbghCrhg==",
            "dev": true
        },
        "typescript": {
            "version": "3.0.3",
            "resolved": "https://registry.npmjs.org/typescript/-/typescript-3.0.3.tgz",
            "integrity": "sha512-kk80vLW9iGtjMnIv11qyxLqZm20UklzuR2tL0QAnDIygIUIemcZMxlMWudl9OOt76H3ntVzcTiddQ1/pAAJMYg==",
            "dev": true
        }
    }
}
